hash: 4bbf92b790a8666407d8897920712bbe08195aa673ba741e7ee2233c159ca6d5
updated: 2016-11-18T18:58:57.280998751+09:00
imports:
- name: gopkg.in/bsm/ratelimit.v1
  version: db14e161995a5177acef654cb0dd785e8ee8bc22
- name: gopkg.in/redis.v5
  version: b6bfe529a846fbb9a58c832ce71c61b6fde12c15
  subpackages:
  - internal
  - internal/consistenthash
  - internal/hashtag
  - internal/pool
  - internal/proto
testImports:
- name: github.com/gopherjs/gopherjs
  version: e34a5cd6a1bc7c4fde759f2d3039852fc68b5fcc
  subpackages:
  - js
- name: github.com/jtolds/gls
  version: 8ddce2a84170772b95dd5d576c48d517b22cac63
- name: github.com/smartystreets/assertions
  version: e60cfa771e3f4d18723a4119f1833898c9c62066
  subpackages:
  - internal/go-render/render
  - internal/oglematchers
- name: github.com/smartystreets/goconvey
  version: d4c757aa9afd1e2fc1832aaab209b5794eb336e1
  subpackages:
  - convey
  - convey/reporting
  - convey/gotest
